
Microsoft Visual Studio Solution File, Format Version 12.00
# Visual Studio Version 17
VisualStudioVersion = 17.11.35312.102
MinimumVisualStudioVersion = 10.0.40219.1
Project("{9A19103F-16F7-4668-BE54-9A1E7A4F7556}") = "FigureLib", "FigureLib\FigureLib.csproj", "{072016E1-4ABD-43AA-82EE-A57FB7993B99}"
EndProject
Project("{9A19103F-16F7-4668-BE54-9A1E7A4F7556}") = "FigureApp", "FigureApp\FigureApp.csproj", "{1882FCD1-2E0D-4410-992E-9E92DF9C98E1}"
EndProject
Project("{FAE04EC0-301F-11D3-BF4B-00C04F79EFBC}") = "FigureTest", "FigureTest\FigureTest.csproj", "{E3263EB6-3B52-4115-B211-125FBB93AE59}"
EndProject
Global
	GlobalSection(SolutionConfigurationPlatforms) = preSolution
		Debug|Any CPU = Debug|Any CPU
		Release|Any CPU = Release|Any CPU
	EndGlobalSection
	GlobalSection(ProjectConfigurationPlatforms) = postSolution
		{072016E1-4ABD-43AA-82EE-A57FB7993B99}.Debug|Any CPU.ActiveCfg = Debug|Any CPU
		{072016E1-4ABD-43AA-82EE-A57FB7993B99}.Debug|Any CPU.Build.0 = Debug|Any CPU
		{072016E1-4ABD-43AA-82EE-A57FB7993B99}.Release|Any CPU.ActiveCfg = Release|Any CPU
		{072016E1-4ABD-43AA-82EE-A57FB7993B99}.Release|Any CPU.Build.0 = Release|Any CPU
		{1882FCD1-2E0D-4410-992E-9E92DF9C98E1}.Debug|Any CPU.ActiveCfg = Debug|Any CPU
		{1882FCD1-2E0D-4410-992E-9E92DF9C98E1}.Debug|Any CPU.Build.0 = Debug|Any CPU
		{1882FCD1-2E0D-4410-992E-9E92DF9C98E1}.Release|Any CPU.ActiveCfg = Release|Any CPU
		{1882FCD1-2E0D-4410-992E-9E92DF9C98E1}.Release|Any CPU.Build.0 = Release|Any CPU
		{E3263EB6-3B52-4115-B211-125FBB93AE59}.Debug|Any CPU.ActiveCfg = Debug|Any CPU
		{E3263EB6-3B52-4115-B211-125FBB93AE59}.Debug|Any CPU.Build.0 = Debug|Any CPU
		{E3263EB6-3B52-4115-B211-125FBB93AE59}.Release|Any CPU.ActiveCfg = Release|Any CPU
		{E3263EB6-3B52-4115-B211-125FBB93AE59}.Release|Any CPU.Build.0 = Release|Any CPU
	EndGlobalSection
	GlobalSection(SolutionProperties) = preSolution
		HideSolutionNode = FALSE
	EndGlobalSection
	GlobalSection(ExtensibilityGlobals) = postSolution
		SolutionGuid = {D1B385E4-98A1-43F0-BE74-FFCADC4C7C5F}
	EndGlobalSection
EndGlobal
